{
  "name": "msys2-fonts",
  "version": "1.0.0",
  "lockfileVersion": 2,
  "requires": true,
  "packages": {
    "": {
      "name": "msys2-fonts",
      "version": "1.0.0",
      "license": "MIT",
      "dependencies": {
        "@fontsource/chivo": "^4.5.1",
        "@fontsource/roboto": "^4.5.2",
        "@fontsource/roboto-mono": "^4.5.1"
      }
    },
    "node_modules/@fontsource/chivo": {
      "version": "4.5.1",
      "resolved": "https://registry.npmjs.org/@fontsource/chivo/-/chivo-4.5.1.tgz",
      "integrity": "sha512-Fjc8HtGr00IXQ3BUshJnvMPuh8dcQlHDfvp4Eb9N0Im8iq8LsyAHQeEU6bw8+dQ0N8dVFBkZ7Qm5noyK/oz1TA=="
    },
    "node_modules/@fontsource/roboto": {
      "version": "4.5.2",
      "resolved": "https://registry.npmjs.org/@fontsource/roboto/-/roboto-4.5.2.tgz",
      "integrity": "sha512-KkMqloXIM64EvaVPOqC5Mkms0qdOWvx4nRvQBIMCoG0GGsDa8tFfNwhyowHeR9k09P0LuT5u09d29Y21JhaA6Q=="
    },
    "node_modules/@fontsource/roboto-mono": {
      "version": "4.5.1",
      "resolved": "https://registry.npmjs.org/@fontsource/roboto-mono/-/roboto-mono-4.5.1.tgz",
      "integrity": "sha512-uP/GMF9N2XaxrB9flM1LiZUdcrG/3YdYpGJddY2d7rvsqqitZ8fWBckbdW717WMty4V96N+k1EArilYwQOvN3A=="
    }
  },
  "dependencies": {
    "@fontsource/chivo": {
      "version": "4.5.1",
      "resolved": "https://registry.npmjs.org/@fontsource/chivo/-/chivo-4.5.1.tgz",
      "integrity": "sha512-Fjc8HtGr00IXQ3BUshJnvMPuh8dcQlHDfvp4Eb9N0Im8iq8LsyAHQeEU6bw8+dQ0N8dVFBkZ7Qm5noyK/oz1TA=="
    },
    "@fontsource/roboto": {
      "version": "4.5.2",
      "resolved": "https://registry.npmjs.org/@fontsource/roboto/-/roboto-4.5.2.tgz",
      "integrity": "sha512-KkMqloXIM64EvaVPOqC5Mkms0qdOWvx4nRvQBIMCoG0GGsDa8tFfNwhyowHeR9k09P0LuT5u09d29Y21JhaA6Q=="
    },
    "@fontsource/roboto-mono": {
      "version": "4.5.1",
      "resolved": "https://registry.npmjs.org/@fontsource/roboto-mono/-/roboto-mono-4.5.1.tgz",
      "integrity": "sha512-uP/GMF9N2XaxrB9flM1LiZUdcrG/3YdYpGJddY2d7rvsqqitZ8fWBckbdW717WMty4V96N+k1EArilYwQOvN3A=="
    }
  }
}
