{
  "name": "msys2-fonts",
  "version": "1.0.0",
  "lockfileVersion": 3,
  "requires": true,
  "packages": {
    "": {
      "name": "msys2-fonts",
      "version": "1.0.0",
      "license": "MIT",
      "dependencies": {
        "@fontsource/chivo": "^4.5.1",
        "@fontsource/roboto": "^4.5.2",
        "@fontsource/roboto-mono": "^4.5.1"
      }
    },
    "node_modules/@fontsource/chivo": {
      "version": "4.5.11",
      "resolved": "https://registry.npmjs.org/@fontsource/chivo/-/chivo-4.5.11.tgz",
      "integrity": "sha512-fWGRS4RW5xkN0obUcyFhYrZPSKdnTfCR3FIKduG3uCYAV+Ana/f3ObyDO3UHDC5sRLxHTAOSFJewocgpZmZRXQ=="
    },
    "node_modules/@fontsource/roboto": {
      "version": "4.5.8",
      "resolved": "https://registry.npmjs.org/@fontsource/roboto/-/roboto-4.5.8.tgz",
      "integrity": "sha512-CnD7zLItIzt86q4Sj3kZUiLcBk1dSk81qcqgMGaZe7SQ1P8hFNxhMl5AZthK1zrDM5m74VVhaOpuMGIL4gagaA=="
    },
    "node_modules/@fontsource/roboto-mono": {
      "version": "4.5.10",
      "resolved": "https://registry.npmjs.org/@fontsource/roboto-mono/-/roboto-mono-4.5.10.tgz",
      "integrity": "sha512-KrJdmkqz6DszT2wV/bbhXef4r0hV3B0vw2mAqei8A2kRnvq+gcJLmmIeQ94vu9VEXrUQzos5M9lH1TAAXpRphw=="
    }
  }
}
