{
  "name": "msys2-fonts",
  "version": "1.0.0",
  "lockfileVersion": 2,
  "requires": true,
  "packages": {
    "": {
      "name": "msys2-fonts",
      "version": "1.0.0",
      "license": "MIT",
      "dependencies": {
        "@fontsource/chivo": "^4.5.1",
        "@fontsource/roboto": "^4.5.2",
        "@fontsource/roboto-mono": "^4.5.1"
      }
    },
    "node_modules/@fontsource/chivo": {
      "version": "4.5.9",
      "resolved": "https://registry.npmjs.org/@fontsource/chivo/-/chivo-4.5.9.tgz",
      "integrity": "sha512-hgl4I+FwA3lsEmp+yy7oq3eSAOvDLc+VKntmGt9Oya506/8TOY2KKlIHnvwyWqcyWa9Q4KIWKC3x3qR9XBuQZw=="
    },
    "node_modules/@fontsource/roboto": {
      "version": "4.5.8",
      "resolved": "https://registry.npmjs.org/@fontsource/roboto/-/roboto-4.5.8.tgz",
      "integrity": "sha512-CnD7zLItIzt86q4Sj3kZUiLcBk1dSk81qcqgMGaZe7SQ1P8hFNxhMl5AZthK1zrDM5m74VVhaOpuMGIL4gagaA=="
    },
    "node_modules/@fontsource/roboto-mono": {
      "version": "4.5.8",
      "resolved": "https://registry.npmjs.org/@fontsource/roboto-mono/-/roboto-mono-4.5.8.tgz",
      "integrity": "sha512-AW44UkbQD0w1CT5mzDbsvhGZ6/bb0YmZzoELj6Sx8vcVEzcbYGUdt2Dtl5zqlOuYMWQFY1mniwWyVv+Bm/lVxw=="
    }
  },
  "dependencies": {
    "@fontsource/chivo": {
      "version": "4.5.9",
      "resolved": "https://registry.npmjs.org/@fontsource/chivo/-/chivo-4.5.9.tgz",
      "integrity": "sha512-hgl4I+FwA3lsEmp+yy7oq3eSAOvDLc+VKntmGt9Oya506/8TOY2KKlIHnvwyWqcyWa9Q4KIWKC3x3qR9XBuQZw=="
    },
    "@fontsource/roboto": {
      "version": "4.5.8",
      "resolved": "https://registry.npmjs.org/@fontsource/roboto/-/roboto-4.5.8.tgz",
      "integrity": "sha512-CnD7zLItIzt86q4Sj3kZUiLcBk1dSk81qcqgMGaZe7SQ1P8hFNxhMl5AZthK1zrDM5m74VVhaOpuMGIL4gagaA=="
    },
    "@fontsource/roboto-mono": {
      "version": "4.5.8",
      "resolved": "https://registry.npmjs.org/@fontsource/roboto-mono/-/roboto-mono-4.5.8.tgz",
      "integrity": "sha512-AW44UkbQD0w1CT5mzDbsvhGZ6/bb0YmZzoELj6Sx8vcVEzcbYGUdt2Dtl5zqlOuYMWQFY1mniwWyVv+Bm/lVxw=="
    }
  }
}
